
Microsoft Visual Studio Solution File, Format Version 12.00
# Visual Studio Version 16
VisualStudioVersion = 16.0.29613.14
MinimumVisualStudioVersion = 10.0.40219.1
Project("{8BC9CEB8-8B4A-11D0-8D11-00A0C91BC942}") = "13thirteen", "13thirteen.vcxproj", "{657C8279-2EAD-46F4-886F-5331FB288348}"
EndProject
Global
	GlobalSection(SolutionConfigurationPlatforms) = preSolution
		Debug|x64 = Debug|x64
		Debug|x86 = Debug|x86
		Release|x64 = Release|x64
		Release|x86 = Release|x86
	EndGlobalSection
	GlobalSection(ProjectConfigurationPlatforms) = postSolution
		{657C8279-2EAD-46F4-886F-5331FB288348}.Debug|x64.ActiveCfg = Debug|x64
		{657C8279-2EAD-46F4-886F-5331FB288348}.Debug|x64.Build.0 = Debug|x64
		{657C8279-2EAD-46F4-886F-5331FB288348}.Debug|x86.ActiveCfg = Debug|Win32
		{657C8279-2EAD-46F4-886F-5331FB288348}.Debug|x86.Build.0 = Debug|Win32
		{657C8279-2EAD-46F4-886F-5331FB288348}.Release|x64.ActiveCfg = Release|x64
		{657C8279-2EAD-46F4-886F-5331FB288348}.Release|x64.Build.0 = Release|x64
		{657C8279-2EAD-46F4-886F-5331FB288348}.Release|x86.ActiveCfg = Release|Win32
		{657C8279-2EAD-46F4-886F-5331FB288348}.Release|x86.Build.0 = Release|Win32
	EndGlobalSection
	GlobalSection(SolutionProperties) = preSolution
		HideSolutionNode = FALSE
	EndGlobalSection
	GlobalSection(ExtensibilityGlobals) = postSolution
		SolutionGuid = {7EB6F58C-C641-46C7-8466-81897919A51C}
	EndGlobalSection
EndGlobal
